
Microsoft Visual Studio Solution File, Format Version 12.00
# Visual Studio Version 16
VisualStudioVersion = 16.0.29201.188
MinimumVisualStudioVersion = 10.0.40219.1
Project("{9A19103F-16F7-4668-BE54-9A1E7A4F7556}") = "AspectCentral.Abstractions.Tests", "AspectCentral.Abstractions.Tests\AspectCentral.Abstractions.Tests.csproj", "{4751911C-1264-48EF-ACAC-D43067DF2C76}"
EndProject
Project("{FAE04EC0-301F-11D3-BF4B-00C04F79EFBC}") = "AspectCentral.Abstractions", "AspectCentral.Abstractions\AspectCentral.Abstractions.csproj", "{9B4F1D90-4966-47A2-820D-B3001FDC7843}"
EndProject
Global
	GlobalSection(SolutionConfigurationPlatforms) = preSolution
		Debug|Any CPU = Debug|Any CPU
		Release|Any CPU = Release|Any CPU
	EndGlobalSection
	GlobalSection(ProjectConfigurationPlatforms) = postSolution
		{4751911C-1264-48EF-ACAC-D43067DF2C76}.Debug|Any CPU.ActiveCfg = Debug|Any CPU
		{4751911C-1264-48EF-ACAC-D43067DF2C76}.Debug|Any CPU.Build.0 = Debug|Any CPU
		{4751911C-1264-48EF-ACAC-D43067DF2C76}.Release|Any CPU.ActiveCfg = Release|Any CPU
		{4751911C-1264-48EF-ACAC-D43067DF2C76}.Release|Any CPU.Build.0 = Release|Any CPU
		{9B4F1D90-4966-47A2-820D-B3001FDC7843}.Debug|Any CPU.ActiveCfg = Debug|Any CPU
		{9B4F1D90-4966-47A2-820D-B3001FDC7843}.Debug|Any CPU.Build.0 = Debug|Any CPU
		{9B4F1D90-4966-47A2-820D-B3001FDC7843}.Release|Any CPU.ActiveCfg = Release|Any CPU
		{9B4F1D90-4966-47A2-820D-B3001FDC7843}.Release|Any CPU.Build.0 = Release|Any CPU
	EndGlobalSection
	GlobalSection(SolutionProperties) = preSolution
		HideSolutionNode = FALSE
	EndGlobalSection
	GlobalSection(ExtensibilityGlobals) = postSolution
		SolutionGuid = {9B1B2C84-274A-44BB-B940-E79AC27C4696}
	EndGlobalSection
EndGlobal
