
Microsoft Visual Studio Solution File, Format Version 12.00
# Visual Studio Version 16
VisualStudioVersion = 16.0.29201.188
MinimumVisualStudioVersion = 10.0.40219.1
Project("{9A19103F-16F7-4668-BE54-9A1E7A4F7556}") = "AspectCentral.Abstractions.old", "AspectCentral.Abstractions\AspectCentral.Abstractions.old.csproj", "{47598432-718E-4358-BABF-099396669F46}"
EndProject
Project("{9A19103F-16F7-4668-BE54-9A1E7A4F7556}") = "AspectCentral.Abstractions.Tests", "AspectCentral.Abstractions.Tests\AspectCentral.Abstractions.Tests.csproj", "{4751911C-1264-48EF-ACAC-D43067DF2C76}"
EndProject
Project("{FAE04EC0-301F-11D3-BF4B-00C04F79EFBC}") = "ClassLibrary1", "ClassLibrary1\ClassLibrary1.csproj", "{AF61A68E-38CF-4B6E-B6B0-E62737143EDD}"
EndProject
Global
	GlobalSection(SolutionConfigurationPlatforms) = preSolution
		Debug|Any CPU = Debug|Any CPU
		Release|Any CPU = Release|Any CPU
	EndGlobalSection
	GlobalSection(ProjectConfigurationPlatforms) = postSolution
		{47598432-718E-4358-BABF-099396669F46}.Debug|Any CPU.ActiveCfg = Debug|Any CPU
		{47598432-718E-4358-BABF-099396669F46}.Debug|Any CPU.Build.0 = Debug|Any CPU
		{47598432-718E-4358-BABF-099396669F46}.Release|Any CPU.ActiveCfg = Release|Any CPU
		{47598432-718E-4358-BABF-099396669F46}.Release|Any CPU.Build.0 = Release|Any CPU
		{4751911C-1264-48EF-ACAC-D43067DF2C76}.Debug|Any CPU.ActiveCfg = Debug|Any CPU
		{4751911C-1264-48EF-ACAC-D43067DF2C76}.Debug|Any CPU.Build.0 = Debug|Any CPU
		{4751911C-1264-48EF-ACAC-D43067DF2C76}.Release|Any CPU.ActiveCfg = Release|Any CPU
		{4751911C-1264-48EF-ACAC-D43067DF2C76}.Release|Any CPU.Build.0 = Release|Any CPU
		{AF61A68E-38CF-4B6E-B6B0-E62737143EDD}.Debug|Any CPU.ActiveCfg = Debug|Any CPU
		{AF61A68E-38CF-4B6E-B6B0-E62737143EDD}.Debug|Any CPU.Build.0 = Debug|Any CPU
		{AF61A68E-38CF-4B6E-B6B0-E62737143EDD}.Release|Any CPU.ActiveCfg = Release|Any CPU
		{AF61A68E-38CF-4B6E-B6B0-E62737143EDD}.Release|Any CPU.Build.0 = Release|Any CPU
	EndGlobalSection
	GlobalSection(SolutionProperties) = preSolution
		HideSolutionNode = FALSE
	EndGlobalSection
	GlobalSection(ExtensibilityGlobals) = postSolution
		SolutionGuid = {9B1B2C84-274A-44BB-B940-E79AC27C4696}
	EndGlobalSection
EndGlobal
